{
  "name": "test",
  "lockfileVersion": 3,
  "requires": true,
  "packages": {
    "": {
      "dependencies": {
        "duckdb": "../bindings/package"
      }
    },
    "../bindings/package": {
      "name": "duckdb"
    },
    "node_modules/duckdb": {
      "resolved": "../bindings/package",
      "link": true
    }
  }
}
